<?xml version="1.0" encoding="utf-8"?>
<Project ToolsVersion="4.0" xmlns="http://schemas.microsoft.com/developer/msbuild/2003">
  <ItemGroup>
    <ClInclude Include="pathtracing_radiance.h">
      <Filter>Header Files\radiance</Filter>
    </ClInclude>
    <ClInclude Include="fake_radiance.h">
      <Filter>Header Files\radiance</Filter>
    </ClInclude>
    <ClInclude Include="constant.h">
      <Filter>Header Files</Filter>
    </ClInclude>
    <ClInclude Include="image.h">
      <Filter>Header Files</Filter>
    </ClInclude>
    <ClInclude Include="intersection.h">
      <Filter>Header Files</Filter>
    </ClInclude>
    <ClInclude Include="material.h">
      <Filter>Header Files</Filter>
    </ClInclude>
    <ClInclude Include="random.h">
      <Filter>Header Files</Filter>
    </ClInclude>
    <ClInclude Include="ray.h">
      <Filter>Header Files</Filter>
    </ClInclude>
    <ClInclude Include="scene.h">
      <Filter>Header Files</Filter>
    </ClInclude>
    <ClInclude Include="renderer.h">
      <Filter>Header Files</Filter>
    </ClInclude>
    <ClInclude Include="raymarching_menger_sponge.h">
      <Filter>Header Files\object</Filter>
    </ClInclude>
    <ClInclude Include="raymarching_object.h">
      <Filter>Header Files\object</Filter>
    </ClInclude>
    <ClInclude Include="raymarching_sphere.h">
      <Filter>Header Files\object</Filter>
    </ClInclude>
    <ClInclude Include="sphere.h">
      <Filter>Header Files\object</Filter>
    </ClInclude>
    <ClInclude Include="vec2.h">
      <Filter>Header Files\math</Filter>
    </ClInclude>
    <ClInclude Include="vec3.h">
      <Filter>Header Files\math</Filter>
    </ClInclude>
    <ClInclude Include="math.h">
      <Filter>Header Files\math</Filter>
    </ClInclude>
    <ClInclude Include="point_light.h">
      <Filter>Header Files\object</Filter>
    </ClInclude>
    <ClInclude Include="object.h">
      <Filter>Header Files\object</Filter>
    </ClInclude>
    <ClInclude Include="stb_image.h">
      <Filter>Header Files\lib</Filter>
    </ClInclude>
    <ClInclude Include="stb_image_write.h">
      <Filter>Header Files\lib</Filter>
    </ClInclude>
    <ClInclude Include="vec4.h">
      <Filter>Header Files\math</Filter>
    </ClInclude>
    <ClInclude Include="raymarching_mbox.h">
      <Filter>Header Files\object</Filter>
    </ClInclude>
    <ClInclude Include="raymarching_menger_sponge_loop.h">
      <Filter>Header Files\object</Filter>
    </ClInclude>
  </ItemGroup>
  <ItemGroup>
    <Filter Include="Header Files">
      <UniqueIdentifier>{05afe2b4-690d-4c36-b49f-2f01b69eda20}</UniqueIdentifier>
    </Filter>
    <Filter Include="Header Files\radiance">
      <UniqueIdentifier>{c574d642-3dcd-43f9-94e5-ab35bfbf9d2c}</UniqueIdentifier>
    </Filter>
    <Filter Include="Source Files">
      <UniqueIdentifier>{7bffbb7c-4614-460a-8886-d937dc8060c6}</UniqueIdentifier>
    </Filter>
    <Filter Include="Header Files\object">
      <UniqueIdentifier>{c868d5fc-c6c3-4ad0-9c8d-c53637bab0d8}</UniqueIdentifier>
    </Filter>
    <Filter Include="Header Files\math">
      <UniqueIdentifier>{777b8c53-0e8c-49d0-a959-f67bbf507092}</UniqueIdentifier>
    </Filter>
    <Filter Include="Header Files\lib">
      <UniqueIdentifier>{328ac74f-b9a8-4fc2-80b0-5b329b72b274}</UniqueIdentifier>
    </Filter>
  </ItemGroup>
  <ItemGroup>
    <ClCompile Include="main.cpp">
      <Filter>Source Files</Filter>
    </ClCompile>
  </ItemGroup>
</Project>